
Microsoft Visual Studio Solution File, Format Version 12.00
# Visual Studio 15
VisualStudioVersion = 15.0.27428.2037
MinimumVisualStudioVersion = 10.0.40219.1
Project("{FAE04EC0-301F-11D3-BF4B-00C04F79EFBC}") = "Hant.Web", "Hant.Web\Hant.Web.csproj", "{FB927B35-9303-4357-BA37-5089CE4D44B0}"
EndProject
Project("{FAE04EC0-301F-11D3-BF4B-00C04F79EFBC}") = "Hant.Web.API", "Hant.Web.API\Hant.Web.API.csproj", "{79A00A8F-2AD8-4AA3-87C2-7088FC47A3D9}"
EndProject
Project("{FAE04EC0-301F-11D3-BF4B-00C04F79EFBC}") = "Hant.Frame.Helper", "Hant.Frame.Helper\Hant.Frame.Helper.csproj", "{334C66B1-5CCD-4C67-89D7-4DE0E98570B3}"
EndProject
Global
	GlobalSection(SolutionConfigurationPlatforms) = preSolution
		Debug|Any CPU = Debug|Any CPU
		Release|Any CPU = Release|Any CPU
	EndGlobalSection
	GlobalSection(ProjectConfigurationPlatforms) = postSolution
		{FB927B35-9303-4357-BA37-5089CE4D44B0}.Debug|Any CPU.ActiveCfg = Debug|Any CPU
		{FB927B35-9303-4357-BA37-5089CE4D44B0}.Debug|Any CPU.Build.0 = Debug|Any CPU
		{FB927B35-9303-4357-BA37-5089CE4D44B0}.Release|Any CPU.ActiveCfg = Release|Any CPU
		{FB927B35-9303-4357-BA37-5089CE4D44B0}.Release|Any CPU.Build.0 = Release|Any CPU
		{79A00A8F-2AD8-4AA3-87C2-7088FC47A3D9}.Debug|Any CPU.ActiveCfg = Debug|Any CPU
		{79A00A8F-2AD8-4AA3-87C2-7088FC47A3D9}.Debug|Any CPU.Build.0 = Debug|Any CPU
		{79A00A8F-2AD8-4AA3-87C2-7088FC47A3D9}.Release|Any CPU.ActiveCfg = Release|Any CPU
		{79A00A8F-2AD8-4AA3-87C2-7088FC47A3D9}.Release|Any CPU.Build.0 = Release|Any CPU
		{334C66B1-5CCD-4C67-89D7-4DE0E98570B3}.Debug|Any CPU.ActiveCfg = Debug|Any CPU
		{334C66B1-5CCD-4C67-89D7-4DE0E98570B3}.Debug|Any CPU.Build.0 = Debug|Any CPU
		{334C66B1-5CCD-4C67-89D7-4DE0E98570B3}.Release|Any CPU.ActiveCfg = Release|Any CPU
		{334C66B1-5CCD-4C67-89D7-4DE0E98570B3}.Release|Any CPU.Build.0 = Release|Any CPU
	EndGlobalSection
	GlobalSection(SolutionProperties) = preSolution
		HideSolutionNode = FALSE
	EndGlobalSection
	GlobalSection(ExtensibilityGlobals) = postSolution
		SolutionGuid = {2A1ADD74-74DA-472A-B184-59EB49FC50ED}
	EndGlobalSection
EndGlobal
