
Microsoft Visual Studio Solution File, Format Version 12.00
# Visual Studio 15
VisualStudioVersion = 15.0.27428.2037
MinimumVisualStudioVersion = 10.0.40219.1
Project("{FAE04EC0-301F-11D3-BF4B-00C04F79EFBC}") = "WebSocketServer", "WebSocketServer.csproj", "{478CBA01-56FA-4BC8-BCF0-ECB388FADEDF}"
EndProject
Project("{FAE04EC0-301F-11D3-BF4B-00C04F79EFBC}") = "SimpleWebSocketApplication", "..\WebSocketApplication\SimpleWebSocketApplication.csproj", "{8C7A4F62-325C-4F31-BB11-8FEBE70B300D}"
EndProject
Global
	GlobalSection(SolutionConfigurationPlatforms) = preSolution
		Debug|Any CPU = Debug|Any CPU
		Debug|x86 = Debug|x86
		Release|Any CPU = Release|Any CPU
		Release|x86 = Release|x86
	EndGlobalSection
	GlobalSection(ProjectConfigurationPlatforms) = postSolution
		{478CBA01-56FA-4BC8-BCF0-ECB388FADEDF}.Debug|Any CPU.ActiveCfg = Debug|x86
		{478CBA01-56FA-4BC8-BCF0-ECB388FADEDF}.Debug|x86.ActiveCfg = Debug|x86
		{478CBA01-56FA-4BC8-BCF0-ECB388FADEDF}.Debug|x86.Build.0 = Debug|x86
		{478CBA01-56FA-4BC8-BCF0-ECB388FADEDF}.Release|Any CPU.ActiveCfg = Release|x86
		{478CBA01-56FA-4BC8-BCF0-ECB388FADEDF}.Release|x86.ActiveCfg = Release|x86
		{478CBA01-56FA-4BC8-BCF0-ECB388FADEDF}.Release|x86.Build.0 = Release|x86
		{8C7A4F62-325C-4F31-BB11-8FEBE70B300D}.Debug|Any CPU.ActiveCfg = Debug|Any CPU
		{8C7A4F62-325C-4F31-BB11-8FEBE70B300D}.Debug|Any CPU.Build.0 = Debug|Any CPU
		{8C7A4F62-325C-4F31-BB11-8FEBE70B300D}.Debug|x86.ActiveCfg = Debug|Any CPU
		{8C7A4F62-325C-4F31-BB11-8FEBE70B300D}.Debug|x86.Build.0 = Debug|Any CPU
		{8C7A4F62-325C-4F31-BB11-8FEBE70B300D}.Release|Any CPU.ActiveCfg = Release|Any CPU
		{8C7A4F62-325C-4F31-BB11-8FEBE70B300D}.Release|Any CPU.Build.0 = Release|Any CPU
		{8C7A4F62-325C-4F31-BB11-8FEBE70B300D}.Release|x86.ActiveCfg = Release|Any CPU
		{8C7A4F62-325C-4F31-BB11-8FEBE70B300D}.Release|x86.Build.0 = Release|Any CPU
	EndGlobalSection
	GlobalSection(SolutionProperties) = preSolution
		HideSolutionNode = FALSE
	EndGlobalSection
	GlobalSection(ExtensibilityGlobals) = postSolution
		SolutionGuid = {99673A8C-5D1B-4826-8A55-D68DF81AF207}
	EndGlobalSection
EndGlobal
